
Microsoft Visual Studio Solution File, Format Version 12.00
# Visual Studio 14
VisualStudioVersion = 14.0.25420.1
MinimumVisualStudioVersion = 10.0.40219.1
Project("{FAE04EC0-301F-11D3-BF4B-00C04F79EFBC}") = "FindMeIfYouCan.Cnsl", "FindMeIfYouCan.Cnsl\FindMeIfYouCan.Cnsl.csproj", "{9F9AC698-AFED-4A66-B34B-4CCCF45D05B5}"
EndProject
Project("{FAE04EC0-301F-11D3-BF4B-00C04F79EFBC}") = "FindMeIfYouCan.Lib", "FindMeIfYouCan.Lib\FindMeIfYouCan.Lib.csproj", "{F919A22D-511C-4707-BA9A-81C9E6BA742F}"
EndProject
Global
	GlobalSection(SolutionConfigurationPlatforms) = preSolution
		Debug|Any CPU = Debug|Any CPU
		Release|Any CPU = Release|Any CPU
	EndGlobalSection
	GlobalSection(ProjectConfigurationPlatforms) = postSolution
		{9F9AC698-AFED-4A66-B34B-4CCCF45D05B5}.Debug|Any CPU.ActiveCfg = Debug|Any CPU
		{9F9AC698-AFED-4A66-B34B-4CCCF45D05B5}.Debug|Any CPU.Build.0 = Debug|Any CPU
		{9F9AC698-AFED-4A66-B34B-4CCCF45D05B5}.Release|Any CPU.ActiveCfg = Release|Any CPU
		{9F9AC698-AFED-4A66-B34B-4CCCF45D05B5}.Release|Any CPU.Build.0 = Release|Any CPU
		{F919A22D-511C-4707-BA9A-81C9E6BA742F}.Debug|Any CPU.ActiveCfg = Debug|Any CPU
		{F919A22D-511C-4707-BA9A-81C9E6BA742F}.Debug|Any CPU.Build.0 = Debug|Any CPU
		{F919A22D-511C-4707-BA9A-81C9E6BA742F}.Release|Any CPU.ActiveCfg = Release|Any CPU
		{F919A22D-511C-4707-BA9A-81C9E6BA742F}.Release|Any CPU.Build.0 = Release|Any CPU
	EndGlobalSection
	GlobalSection(SolutionProperties) = preSolution
		HideSolutionNode = FALSE
	EndGlobalSection
EndGlobal
